
Microsoft Visual Studio Solution File, Format Version 12.00
Project("{FAE04EC0-301F-11D3-BF4B-00C04F79EFBC}") = "Login.Server", "Login.Server\Login.Server.csproj", "{9EE97603-9B35-464C-A087-84C96A47D6C6}"
EndProject
Project("{FAE04EC0-301F-11D3-BF4B-00C04F79EFBC}") = "Map.Server", "Map.Server\Map.Server.csproj", "{CAA1D84C-3F72-4775-9459-F2D798A97E09}"
EndProject
Project("{FAE04EC0-301F-11D3-BF4B-00C04F79EFBC}") = "Char.Server", "Char.Server\Char.Server.csproj", "{302BE8DC-53A2-4437-A6D4-94868EFF8CF3}"
EndProject
Project("{FAE04EC0-301F-11D3-BF4B-00C04F79EFBC}") = "Core.Server", "Core.Server\Core.Server.csproj", "{146C0C9F-0877-4D91-90C4-4D71B9BF70C2}"
EndProject
Project("{FAE04EC0-301F-11D3-BF4B-00C04F79EFBC}") = "Web.Server", "Web.Server\Web.Server.csproj", "{3E711733-7EA9-4E4C-91BE-8AAD57D1949D}"
EndProject
Project("{FAE04EC0-301F-11D3-BF4B-00C04F79EFBC}") = "Core.Server.Tests", "Core.Server.Tests\Core.Server.Tests.csproj", "{955F3C53-6944-45C9-BE2C-EC64B6ABB16C}"
EndProject
Project("{2150E333-8FDC-42A3-9474-1A3956D46DE8}") = "GameServers", "GameServers", "{D2D891E5-2B9F-43CF-A4D0-D195C12A75EE}"
EndProject
Project("{2150E333-8FDC-42A3-9474-1A3956D46DE8}") = "Core", "Core", "{DFC61B4D-7347-454D-8178-1440C9B76B29}"
EndProject
Project("{2150E333-8FDC-42A3-9474-1A3956D46DE8}") = "Tests", "Tests", "{B77124AD-3A6B-4B09-A933-DE48E9D829EC}"
EndProject
Global
	GlobalSection(SolutionConfigurationPlatforms) = preSolution
		Debug|Any CPU = Debug|Any CPU
		Debug|x64 = Debug|x64
		Debug|x86 = Debug|x86
		Release|Any CPU = Release|Any CPU
		Release|x64 = Release|x64
		Release|x86 = Release|x86
	EndGlobalSection
	GlobalSection(ProjectConfigurationPlatforms) = postSolution
		{9EE97603-9B35-464C-A087-84C96A47D6C6}.Debug|Any CPU.ActiveCfg = Debug|Any CPU
		{9EE97603-9B35-464C-A087-84C96A47D6C6}.Debug|Any CPU.Build.0 = Debug|Any CPU
		{9EE97603-9B35-464C-A087-84C96A47D6C6}.Debug|x64.ActiveCfg = Debug|Any CPU
		{9EE97603-9B35-464C-A087-84C96A47D6C6}.Debug|x64.Build.0 = Debug|Any CPU
		{9EE97603-9B35-464C-A087-84C96A47D6C6}.Debug|x86.ActiveCfg = Debug|Any CPU
		{9EE97603-9B35-464C-A087-84C96A47D6C6}.Debug|x86.Build.0 = Debug|Any CPU
		{9EE97603-9B35-464C-A087-84C96A47D6C6}.Release|Any CPU.ActiveCfg = Release|Any CPU
		{9EE97603-9B35-464C-A087-84C96A47D6C6}.Release|Any CPU.Build.0 = Release|Any CPU
		{9EE97603-9B35-464C-A087-84C96A47D6C6}.Release|x64.ActiveCfg = Release|Any CPU
		{9EE97603-9B35-464C-A087-84C96A47D6C6}.Release|x64.Build.0 = Release|Any CPU
		{9EE97603-9B35-464C-A087-84C96A47D6C6}.Release|x86.ActiveCfg = Release|Any CPU
		{9EE97603-9B35-464C-A087-84C96A47D6C6}.Release|x86.Build.0 = Release|Any CPU
		{CAA1D84C-3F72-4775-9459-F2D798A97E09}.Debug|Any CPU.ActiveCfg = Debug|Any CPU
		{CAA1D84C-3F72-4775-9459-F2D798A97E09}.Debug|Any CPU.Build.0 = Debug|Any CPU
		{CAA1D84C-3F72-4775-9459-F2D798A97E09}.Debug|x64.ActiveCfg = Debug|Any CPU
		{CAA1D84C-3F72-4775-9459-F2D798A97E09}.Debug|x64.Build.0 = Debug|Any CPU
		{CAA1D84C-3F72-4775-9459-F2D798A97E09}.Debug|x86.ActiveCfg = Debug|Any CPU
		{CAA1D84C-3F72-4775-9459-F2D798A97E09}.Debug|x86.Build.0 = Debug|Any CPU
		{CAA1D84C-3F72-4775-9459-F2D798A97E09}.Release|Any CPU.ActiveCfg = Release|Any CPU
		{CAA1D84C-3F72-4775-9459-F2D798A97E09}.Release|Any CPU.Build.0 = Release|Any CPU
		{CAA1D84C-3F72-4775-9459-F2D798A97E09}.Release|x64.ActiveCfg = Release|Any CPU
		{CAA1D84C-3F72-4775-9459-F2D798A97E09}.Release|x64.Build.0 = Release|Any CPU
		{CAA1D84C-3F72-4775-9459-F2D798A97E09}.Release|x86.ActiveCfg = Release|Any CPU
		{CAA1D84C-3F72-4775-9459-F2D798A97E09}.Release|x86.Build.0 = Release|Any CPU
		{302BE8DC-53A2-4437-A6D4-94868EFF8CF3}.Debug|Any CPU.ActiveCfg = Debug|Any CPU
		{302BE8DC-53A2-4437-A6D4-94868EFF8CF3}.Debug|Any CPU.Build.0 = Debug|Any CPU
		{302BE8DC-53A2-4437-A6D4-94868EFF8CF3}.Debug|x64.ActiveCfg = Debug|Any CPU
		{302BE8DC-53A2-4437-A6D4-94868EFF8CF3}.Debug|x64.Build.0 = Debug|Any CPU
		{302BE8DC-53A2-4437-A6D4-94868EFF8CF3}.Debug|x86.ActiveCfg = Debug|Any CPU
		{302BE8DC-53A2-4437-A6D4-94868EFF8CF3}.Debug|x86.Build.0 = Debug|Any CPU
		{302BE8DC-53A2-4437-A6D4-94868EFF8CF3}.Release|Any CPU.ActiveCfg = Release|Any CPU
		{302BE8DC-53A2-4437-A6D4-94868EFF8CF3}.Release|Any CPU.Build.0 = Release|Any CPU
		{302BE8DC-53A2-4437-A6D4-94868EFF8CF3}.Release|x64.ActiveCfg = Release|Any CPU
		{302BE8DC-53A2-4437-A6D4-94868EFF8CF3}.Release|x64.Build.0 = Release|Any CPU
		{302BE8DC-53A2-4437-A6D4-94868EFF8CF3}.Release|x86.ActiveCfg = Release|Any CPU
		{302BE8DC-53A2-4437-A6D4-94868EFF8CF3}.Release|x86.Build.0 = Release|Any CPU
		{146C0C9F-0877-4D91-90C4-4D71B9BF70C2}.Debug|Any CPU.ActiveCfg = Debug|Any CPU
		{146C0C9F-0877-4D91-90C4-4D71B9BF70C2}.Debug|Any CPU.Build.0 = Debug|Any CPU
		{146C0C9F-0877-4D91-90C4-4D71B9BF70C2}.Debug|x64.ActiveCfg = Debug|Any CPU
		{146C0C9F-0877-4D91-90C4-4D71B9BF70C2}.Debug|x64.Build.0 = Debug|Any CPU
		{146C0C9F-0877-4D91-90C4-4D71B9BF70C2}.Debug|x86.ActiveCfg = Debug|Any CPU
		{146C0C9F-0877-4D91-90C4-4D71B9BF70C2}.Debug|x86.Build.0 = Debug|Any CPU
		{146C0C9F-0877-4D91-90C4-4D71B9BF70C2}.Release|Any CPU.ActiveCfg = Release|Any CPU
		{146C0C9F-0877-4D91-90C4-4D71B9BF70C2}.Release|Any CPU.Build.0 = Release|Any CPU
		{146C0C9F-0877-4D91-90C4-4D71B9BF70C2}.Release|x64.ActiveCfg = Release|Any CPU
		{146C0C9F-0877-4D91-90C4-4D71B9BF70C2}.Release|x64.Build.0 = Release|Any CPU
		{146C0C9F-0877-4D91-90C4-4D71B9BF70C2}.Release|x86.ActiveCfg = Release|Any CPU
		{146C0C9F-0877-4D91-90C4-4D71B9BF70C2}.Release|x86.Build.0 = Release|Any CPU
		{3E711733-7EA9-4E4C-91BE-8AAD57D1949D}.Debug|Any CPU.ActiveCfg = Debug|Any CPU
		{3E711733-7EA9-4E4C-91BE-8AAD57D1949D}.Debug|Any CPU.Build.0 = Debug|Any CPU
		{3E711733-7EA9-4E4C-91BE-8AAD57D1949D}.Debug|x64.ActiveCfg = Debug|Any CPU
		{3E711733-7EA9-4E4C-91BE-8AAD57D1949D}.Debug|x64.Build.0 = Debug|Any CPU
		{3E711733-7EA9-4E4C-91BE-8AAD57D1949D}.Debug|x86.ActiveCfg = Debug|Any CPU
		{3E711733-7EA9-4E4C-91BE-8AAD57D1949D}.Debug|x86.Build.0 = Debug|Any CPU
		{3E711733-7EA9-4E4C-91BE-8AAD57D1949D}.Release|Any CPU.ActiveCfg = Release|Any CPU
		{3E711733-7EA9-4E4C-91BE-8AAD57D1949D}.Release|Any CPU.Build.0 = Release|Any CPU
		{3E711733-7EA9-4E4C-91BE-8AAD57D1949D}.Release|x64.ActiveCfg = Release|Any CPU
		{3E711733-7EA9-4E4C-91BE-8AAD57D1949D}.Release|x64.Build.0 = Release|Any CPU
		{3E711733-7EA9-4E4C-91BE-8AAD57D1949D}.Release|x86.ActiveCfg = Release|Any CPU
		{3E711733-7EA9-4E4C-91BE-8AAD57D1949D}.Release|x86.Build.0 = Release|Any CPU
		{955F3C53-6944-45C9-BE2C-EC64B6ABB16C}.Debug|Any CPU.ActiveCfg = Debug|Any CPU
		{955F3C53-6944-45C9-BE2C-EC64B6ABB16C}.Debug|Any CPU.Build.0 = Debug|Any CPU
		{955F3C53-6944-45C9-BE2C-EC64B6ABB16C}.Debug|x64.ActiveCfg = Debug|Any CPU
		{955F3C53-6944-45C9-BE2C-EC64B6ABB16C}.Debug|x64.Build.0 = Debug|Any CPU
		{955F3C53-6944-45C9-BE2C-EC64B6ABB16C}.Debug|x86.ActiveCfg = Debug|Any CPU
		{955F3C53-6944-45C9-BE2C-EC64B6ABB16C}.Debug|x86.Build.0 = Debug|Any CPU
		{955F3C53-6944-45C9-BE2C-EC64B6ABB16C}.Release|Any CPU.ActiveCfg = Release|Any CPU
		{955F3C53-6944-45C9-BE2C-EC64B6ABB16C}.Release|Any CPU.Build.0 = Release|Any CPU
		{955F3C53-6944-45C9-BE2C-EC64B6ABB16C}.Release|x64.ActiveCfg = Release|Any CPU
		{955F3C53-6944-45C9-BE2C-EC64B6ABB16C}.Release|x64.Build.0 = Release|Any CPU
		{955F3C53-6944-45C9-BE2C-EC64B6ABB16C}.Release|x86.ActiveCfg = Release|Any CPU
		{955F3C53-6944-45C9-BE2C-EC64B6ABB16C}.Release|x86.Build.0 = Release|Any CPU
	EndGlobalSection
	GlobalSection(SolutionProperties) = preSolution
		HideSolutionNode = FALSE
	EndGlobalSection
	GlobalSection(NestedProjects) = preSolution
		{302BE8DC-53A2-4437-A6D4-94868EFF8CF3} = {D2D891E5-2B9F-43CF-A4D0-D195C12A75EE}
		{9EE97603-9B35-464C-A087-84C96A47D6C6} = {D2D891E5-2B9F-43CF-A4D0-D195C12A75EE}
		{CAA1D84C-3F72-4775-9459-F2D798A97E09} = {D2D891E5-2B9F-43CF-A4D0-D195C12A75EE}
		{3E711733-7EA9-4E4C-91BE-8AAD57D1949D} = {D2D891E5-2B9F-43CF-A4D0-D195C12A75EE}
		{146C0C9F-0877-4D91-90C4-4D71B9BF70C2} = {DFC61B4D-7347-454D-8178-1440C9B76B29}
		{B77124AD-3A6B-4B09-A933-DE48E9D829EC} = {DFC61B4D-7347-454D-8178-1440C9B76B29}
		{955F3C53-6944-45C9-BE2C-EC64B6ABB16C} = {B77124AD-3A6B-4B09-A933-DE48E9D829EC}
	EndGlobalSection
EndGlobal
